
Microsoft Visual Studio Solution File, Format Version 12.00
# Visual Studio Version 17
VisualStudioVersion = 17.2.32526.322
MinimumVisualStudioVersion = 10.0.40219.1
Project("{FAE04EC0-301F-11D3-BF4B-00C04F79EFBC}") = "EpisodeTracker", "EpisodeTracker\EpisodeTracker.csproj", "{9730CCC5-7CF4-408D-93BF-5535483F0F40}"
EndProject
Global
	GlobalSection(SolutionConfigurationPlatforms) = preSolution
		Debug|Any CPU = Debug|Any CPU
		Release|Any CPU = Release|Any CPU
	EndGlobalSection
	GlobalSection(ProjectConfigurationPlatforms) = postSolution
		{9730CCC5-7CF4-408D-93BF-5535483F0F40}.Debug|Any CPU.ActiveCfg = Debug|Any CPU
		{9730CCC5-7CF4-408D-93BF-5535483F0F40}.Debug|Any CPU.Build.0 = Debug|Any CPU
		{9730CCC5-7CF4-408D-93BF-5535483F0F40}.Release|Any CPU.ActiveCfg = Release|Any CPU
		{9730CCC5-7CF4-408D-93BF-5535483F0F40}.Release|Any CPU.Build.0 = Release|Any CPU
	EndGlobalSection
	GlobalSection(SolutionProperties) = preSolution
		HideSolutionNode = FALSE
	EndGlobalSection
	GlobalSection(ExtensibilityGlobals) = postSolution
		SolutionGuid = {A696A3AC-B6E4-4795-B263-5B35C048E911}
	EndGlobalSection
EndGlobal
